<Solution>
  <Folder Name="/src/">
    <Project Path="src/Tessera.AppHost/Tessera.AppHost.csproj" />
    <Project Path="src/Tessera.Gateway/Tessera.Gateway.csproj" />
    <Project Path="src/Tessera.ServiceDefaults/Tessera.ServiceDefaults.csproj" />
  </Folder>
  <Folder Name="/src/Services/" />
  <Folder Name="/src/Services/Wallet/">
    <Project Path="src/Services/Wallet/Tessera.Wallet.Api/Tessera.Wallet.Api.csproj" />
  </Folder>
  <Folder Name="/src/Shared/">
    <Project Path="src/Shared/Tessera.Contracts/Tessera.Contracts.csproj" />
  </Folder>
  <Folder Name="/tests/">
    <Project Path="tests/Tessera.Wallet.Tests/Tessera.Wallet.Tests.csproj" />
  </Folder>
</Solution>
